
Microsoft Visual Studio Solution File, Format Version 12.00
# Visual Studio Version 17
VisualStudioVersion = 17.10.35122.118
MinimumVisualStudioVersion = 10.0.40219.1
Project("{9A19103F-16F7-4668-BE54-9A1E7A4F7556}") = "AmazonMVC", "AmazonMVC\AmazonMVC.csproj", "{0FEDD81C-972E-4FB4-95E7-D1D3EAAE58FE}"
EndProject
Project("{FAE04EC0-301F-11D3-BF4B-00C04F79EFBC}") = "AmazonMVC.Tests", "AmazonMVC.Tests\AmazonMVC.Tests.csproj", "{0A513269-EB68-4A3C-A4AD-8EDBA08D1E2D}"
EndProject
Global
	GlobalSection(SolutionConfigurationPlatforms) = preSolution
		Debug|Any CPU = Debug|Any CPU
		Release|Any CPU = Release|Any CPU
	EndGlobalSection
	GlobalSection(ProjectConfigurationPlatforms) = postSolution
		{0FEDD81C-972E-4FB4-95E7-D1D3EAAE58FE}.Debug|Any CPU.ActiveCfg = Debug|Any CPU
		{0FEDD81C-972E-4FB4-95E7-D1D3EAAE58FE}.Debug|Any CPU.Build.0 = Debug|Any CPU
		{0FEDD81C-972E-4FB4-95E7-D1D3EAAE58FE}.Release|Any CPU.ActiveCfg = Release|Any CPU
		{0FEDD81C-972E-4FB4-95E7-D1D3EAAE58FE}.Release|Any CPU.Build.0 = Release|Any CPU
		{0A513269-EB68-4A3C-A4AD-8EDBA08D1E2D}.Debug|Any CPU.ActiveCfg = Debug|Any CPU
		{0A513269-EB68-4A3C-A4AD-8EDBA08D1E2D}.Debug|Any CPU.Build.0 = Debug|Any CPU
		{0A513269-EB68-4A3C-A4AD-8EDBA08D1E2D}.Release|Any CPU.ActiveCfg = Release|Any CPU
		{0A513269-EB68-4A3C-A4AD-8EDBA08D1E2D}.Release|Any CPU.Build.0 = Release|Any CPU
	EndGlobalSection
	GlobalSection(SolutionProperties) = preSolution
		HideSolutionNode = FALSE
	EndGlobalSection
	GlobalSection(ExtensibilityGlobals) = postSolution
		SolutionGuid = {1AEB5334-4257-4CF6-8C97-A2DDD86CCF6A}
	EndGlobalSection
EndGlobal
